
Microsoft Visual Studio Solution File, Format Version 12.00
# Visual Studio Version 17
VisualStudioVersion = 17.11.35327.3
MinimumVisualStudioVersion = 10.0.40219.1
Project("{8BC9CEB8-8B4A-11D0-8D11-00A0C91BC942}") = "Scalanie Merge-Sort-test", "Scalanie Merge-Sort-test.vcxproj", "{47282822-CDD9-460D-9C0F-56B5BF37ADC9}"
EndProject
Global
	GlobalSection(SolutionConfigurationPlatforms) = preSolution
		Debug|x64 = Debug|x64
		Debug|x86 = Debug|x86
		Release|x64 = Release|x64
		Release|x86 = Release|x86
	EndGlobalSection
	GlobalSection(ProjectConfigurationPlatforms) = postSolution
		{47282822-CDD9-460D-9C0F-56B5BF37ADC9}.Debug|x64.ActiveCfg = Debug|x64
		{47282822-CDD9-460D-9C0F-56B5BF37ADC9}.Debug|x64.Build.0 = Debug|x64
		{47282822-CDD9-460D-9C0F-56B5BF37ADC9}.Debug|x86.ActiveCfg = Debug|Win32
		{47282822-CDD9-460D-9C0F-56B5BF37ADC9}.Debug|x86.Build.0 = Debug|Win32
		{47282822-CDD9-460D-9C0F-56B5BF37ADC9}.Release|x64.ActiveCfg = Release|x64
		{47282822-CDD9-460D-9C0F-56B5BF37ADC9}.Release|x64.Build.0 = Release|x64
		{47282822-CDD9-460D-9C0F-56B5BF37ADC9}.Release|x86.ActiveCfg = Release|Win32
		{47282822-CDD9-460D-9C0F-56B5BF37ADC9}.Release|x86.Build.0 = Release|Win32
	EndGlobalSection
	GlobalSection(SolutionProperties) = preSolution
		HideSolutionNode = FALSE
	EndGlobalSection
	GlobalSection(ExtensibilityGlobals) = postSolution
		SolutionGuid = {E57B10DB-7691-4F90-BDD4-798AF6CD2832}
	EndGlobalSection
EndGlobal
